
Microsoft Visual Studio Solution File, Format Version 12.00
# Visual Studio Version 17
VisualStudioVersion = 17.8.34525.116
MinimumVisualStudioVersion = 10.0.40219.1
Project("{FAE04EC0-301F-11D3-BF4B-00C04F79EFBC}") = "hotel24Eq5", "hotel24Eq5.csproj", "{AB0F50CA-EBB6-4F78-95B1-A0AD69AA2EBB}"
EndProject
Global
	GlobalSection(SolutionConfigurationPlatforms) = preSolution
		Debug|Any CPU = Debug|Any CPU
		Release|Any CPU = Release|Any CPU
	EndGlobalSection
	GlobalSection(ProjectConfigurationPlatforms) = postSolution
		{AB0F50CA-EBB6-4F78-95B1-A0AD69AA2EBB}.Debug|Any CPU.ActiveCfg = Debug|Any CPU
		{AB0F50CA-EBB6-4F78-95B1-A0AD69AA2EBB}.Debug|Any CPU.Build.0 = Debug|Any CPU
		{AB0F50CA-EBB6-4F78-95B1-A0AD69AA2EBB}.Release|Any CPU.ActiveCfg = Release|Any CPU
		{AB0F50CA-EBB6-4F78-95B1-A0AD69AA2EBB}.Release|Any CPU.Build.0 = Release|Any CPU
	EndGlobalSection
	GlobalSection(SolutionProperties) = preSolution
		HideSolutionNode = FALSE
	EndGlobalSection
	GlobalSection(ExtensibilityGlobals) = postSolution
		SolutionGuid = {E8D19D15-5A81-442D-92AD-3D1D55B1E6F8}
	EndGlobalSection
EndGlobal
